// !$*UTF8*$!
{
	archiveVersion = 1;
	classes = {
	};
	objectVersion = 51;
	objects = {

/* Begin PBXBuildFile section */
		0A904CE38A67DF58249F7401 /* Pods_Week4_Week4UITests.framework in Frameworks */ = {isa = PBXBuildFile; fileRef = 770457B65D09C52075474D7A /* Pods_Week4_Week4UITests.framework */; };
		66CA1EA6CFE2E6F0388D6474 /* Pods_Week4Tests.framework in Frameworks */ = {isa = PBXBuildFile; fileRef = 270916A982B2B713700C701F /* Pods_Week4Tests.framework */; };
		EB3E7602D91AD4613CE43412 /* Pods_Week4.framework in Frameworks */ = {isa = PBXBuildFile; fileRef = 8CFF2DDD02BC9F9BBB64A24C /* Pods_Week4.framework */; };
		F70B1D7A2858693D00B32918 /* HomeViewController.swift in Sources */ = {isa = PBXBuildFile; fileRef = F70B1D792858693D00B32918 /* HomeViewController.swift */; };
		F70B1D7C2858695200B32918 /* MarketsViewController.swift in Sources */ = {isa = PBXBuildFile; fileRef = F70B1D7B2858695200B32918 /* MarketsViewController.swift */; };
		F70B1D7E2858696900B32918 /* BuyAndSellViewController.swift in Sources */ = {isa = PBXBuildFile; fileRef = F70B1D7D2858696900B32918 /* BuyAndSellViewController.swift */; };
		F70B1D802858697F00B32918 /* WalletViewController.swift in Sources */ = {isa = PBXBuildFile; fileRef = F70B1D7F2858697F00B32918 /* WalletViewController.swift */; };
		F70B1D8628586AB700B32918 /* MarketsTableViewCell.swift in Sources */ = {isa = PBXBuildFile; fileRef = F70B1D8428586AB700B32918 /* MarketsTableViewCell.swift */; };
		F70B1D8728586AB700B32918 /* MarketsTableViewCell.xib in Resources */ = {isa = PBXBuildFile; fileRef = F70B1D8528586AB700B32918 /* MarketsTableViewCell.xib */; };
		F70B1D9A2858AC0800B32918 /* Constants.swift in Sources */ = {isa = PBXBuildFile; fileRef = F70B1D992858AC0800B32918 /* Constants.swift */; };
		F70B1D9C2858ACF900B32918 /* Interactor.swift in Sources */ = {isa = PBXBuildFile; fileRef = F70B1D9B2858ACF900B32918 /* Interactor.swift */; };
		F70B1D9E2858AE2600B32918 /* Presenter.swift in Sources */ = {isa = PBXBuildFile; fileRef = F70B1D9D2858AE2600B32918 /* Presenter.swift */; };
		F70B1DA02858AEE500B32918 /* Protocols.swift in Sources */ = {isa = PBXBuildFile; fileRef = F70B1D9F2858AEE500B32918 /* Protocols.swift */; };
		F70B1DA22858AF2600B32918 /* CoinsModel.swift in Sources */ = {isa = PBXBuildFile; fileRef = F70B1DA12858AF2600B32918 /* CoinsModel.swift */; };
		F70B1DA42858B23300B32918 /* Router.swift in Sources */ = {isa = PBXBuildFile; fileRef = F70B1DA32858B23300B32918 /* Router.swift */; };
		F70B1DA62858BC5E00B32918 /* CoinsResponse.swift in Sources */ = {isa = PBXBuildFile; fileRef = F70B1DA52858BC5E00B32918 /* CoinsResponse.swift */; };
		F7632BF92858666B007DAEA2 /* AppDelegate.swift in Sources */ = {isa = PBXBuildFile; fileRef = F7632BF82858666B007DAEA2 /* AppDelegate.swift */; };
		F7632BFB2858666B007DAEA2 /* SceneDelegate.swift in Sources */ = {isa = PBXBuildFile; fileRef = F7632BFA2858666B007DAEA2 /* SceneDelegate.swift */; };
		F7632C002858666B007DAEA2 /* Main.storyboard in Resources */ = {isa = PBXBuildFile; fileRef = F7632BFE2858666B007DAEA2 /* Main.storyboard */; };
		F7632C022858666E007DAEA2 /* Assets.xcassets in Resources */ = {isa = PBXBuildFile; fileRef = F7632C012858666E007DAEA2 /* Assets.xcassets */; };
		F7632C052858666E007DAEA2 /* LaunchScreen.storyboard in Resources */ = {isa = PBXBuildFile; fileRef = F7632C032858666E007DAEA2 /* LaunchScreen.storyboard */; };
		F7632C102858666F007DAEA2 /* Week4Tests.swift in Sources */ = {isa = PBXBuildFile; fileRef = F7632C0F2858666F007DAEA2 /* Week4Tests.swift */; };
		F7632C1B2858666F007DAEA2 /* Week4UITests.swift in Sources */ = {isa = PBXBuildFile; fileRef = F7632C1A2858666F007DAEA2 /* Week4UITests.swift */; };
		F765F68A2859CD9800175C60 /* TabBarController.swift in Sources */ = {isa = PBXBuildFile; fileRef = F765F6892859CD9800175C60 /* TabBarController.swift */; };
/* End PBXBuildFile section */

/* Begin PBXContainerItemProxy section */
		F7632C0C2858666F007DAEA2 /* PBXContainerItemProxy */ = {
			isa = PBXContainerItemProxy;
			containerPortal = F7632BED2858666B007DAEA2 /* Project object */;
			proxyType = 1;
			remoteGlobalIDString = F7632BF42858666B007DAEA2;
			remoteInfo = Week4;
		};
		F7632C172858666F007DAEA2 /* PBXContainerItemProxy */ = {
			isa = PBXContainerItemProxy;
			containerPortal = F7632BED2858666B007DAEA2 /* Project object */;
			proxyType = 1;
			remoteGlobalIDString = F7632BF42858666B007DAEA2;
			remoteInfo = Week4;
		};
/* End PBXContainerItemProxy section */

/* Begin PBXFileReference section */
		0BADA89305900B2C6BF85209 /* Pods-Week4-Week4UITests.debug.xcconfig */ = {isa = PBXFileReference; includeInIndex = 1; lastKnownFileType = text.xcconfig; name = "Pods-Week4-Week4UITests.debug.xcconfig"; path = "Target Support Files/Pods-Week4-Week4UITests/Pods-Week4-Week4UITests.debug.xcconfig"; sourceTree = "<group>"; };
		270916A982B2B713700C701F /* Pods_Week4Tests.framework */ = {isa = PBXFileReference; explicitFileType = wrapper.framework; includeInIndex = 0; path = Pods_Week4Tests.framework; sourceTree = BUILT_PRODUCTS_DIR; };
		4E37B314140EF5AD0D806CA3 /* Pods-Week4-Week4UITests.release.xcconfig */ = {isa = PBXFileReference; includeInIndex = 1; lastKnownFileType = text.xcconfig; name = "Pods-Week4-Week4UITests.release.xcconfig"; path = "Target Support Files/Pods-Week4-Week4UITests/Pods-Week4-Week4UITests.release.xcconfig"; sourceTree = "<group>"; };
		5B52460E5B76B1F3A5E09205 /* Pods-Week4Tests.debug.xcconfig */ = {isa = PBXFileReference; includeInIndex = 1; lastKnownFileType = text.xcconfig; name = "Pods-Week4Tests.debug.xcconfig"; path = "Target Support Files/Pods-Week4Tests/Pods-Week4Tests.debug.xcconfig"; sourceTree = "<group>"; };
		770457B65D09C52075474D7A /* Pods_Week4_Week4UITests.framework */ = {isa = PBXFileReference; explicitFileType = wrapper.framework; includeInIndex = 0; path = Pods_Week4_Week4UITests.framework; sourceTree = BUILT_PRODUCTS_DIR; };
		7E47F651CAA50D30959A20E0 /* Pods-Week4Tests.release.xcconfig */ = {isa = PBXFileReference; includeInIndex = 1; lastKnownFileType = text.xcconfig; name = "Pods-Week4Tests.release.xcconfig"; path = "Target Support Files/Pods-Week4Tests/Pods-Week4Tests.release.xcconfig"; sourceTree = "<group>"; };
		8307EA4B63B99D963348CB8C /* Pods-Week4.release.xcconfig */ = {isa = PBXFileReference; includeInIndex = 1; lastKnownFileType = text.xcconfig; name = "Pods-Week4.release.xcconfig"; path = "Target Support Files/Pods-Week4/Pods-Week4.release.xcconfig"; sourceTree = "<group>"; };
		8CFF2DDD02BC9F9BBB64A24C /* Pods_Week4.framework */ = {isa = PBXFileReference; explicitFileType = wrapper.framework; includeInIndex = 0; path = Pods_Week4.framework; sourceTree = BUILT_PRODUCTS_DIR; };
		C5F4324AC00CE0F789928662 /* Pods-Week4.debug.xcconfig */ = {isa = PBXFileReference; includeInIndex = 1; lastKnownFileType = text.xcconfig; name = "Pods-Week4.debug.xcconfig"; path = "Target Support Files/Pods-Week4/Pods-Week4.debug.xcconfig"; sourceTree = "<group>"; };
		F70B1D792858693D00B32918 /* HomeViewController.swift */ = {isa = PBXFileReference; lastKnownFileType = sourcecode.swift; path = HomeViewController.swift; sourceTree = "<group>"; };
		F70B1D7B2858695200B32918 /* MarketsViewController.swift */ = {isa = PBXFileReference; lastKnownFileType = sourcecode.swift; path = MarketsViewController.swift; sourceTree = "<group>"; };
		F70B1D7D2858696900B32918 /* BuyAndSellViewController.swift */ = {isa = PBXFileReference; lastKnownFileType = sourcecode.swift; path = BuyAndSellViewController.swift; sourceTree = "<group>"; };
		F70B1D7F2858697F00B32918 /* WalletViewController.swift */ = {isa = PBXFileReference; lastKnownFileType = sourcecode.swift; path = WalletViewController.swift; sourceTree = "<group>"; };
		F70B1D8428586AB700B32918 /* MarketsTableViewCell.swift */ = {isa = PBXFileReference; lastKnownFileType = sourcecode.swift; path = MarketsTableViewCell.swift; sourceTree = "<group>"; };
		F70B1D8528586AB700B32918 /* MarketsTableViewCell.xib */ = {isa = PBXFileReference; lastKnownFileType = file.xib; path = MarketsTableViewCell.xib; sourceTree = "<group>"; };
		F70B1D992858AC0800B32918 /* Constants.swift */ = {isa = PBXFileReference; lastKnownFileType = sourcecode.swift; path = Constants.swift; sourceTree = "<group>"; };
		F70B1D9B2858ACF900B32918 /* Interactor.swift */ = {isa = PBXFileReference; lastKnownFileType = sourcecode.swift; path = Interactor.swift; sourceTree = "<group>"; };
		F70B1D9D2858AE2600B32918 /* Presenter.swift */ = {isa = PBXFileReference; lastKnownFileType = sourcecode.swift; path = Presenter.swift; sourceTree = "<group>"; };
		F70B1D9F2858AEE500B32918 /* Protocols.swift */ = {isa = PBXFileReference; lastKnownFileType = sourcecode.swift; path = Protocols.swift; sourceTree = "<group>"; };
		F70B1DA12858AF2600B32918 /* CoinsModel.swift */ = {isa = PBXFileReference; lastKnownFileType = sourcecode.swift; path = CoinsModel.swift; sourceTree = "<group>"; };
		F70B1DA32858B23300B32918 /* Router.swift */ = {isa = PBXFileReference; lastKnownFileType = sourcecode.swift; path = Router.swift; sourceTree = "<group>"; };
		F70B1DA52858BC5E00B32918 /* CoinsResponse.swift */ = {isa = PBXFileReference; lastKnownFileType = sourcecode.swift; path = CoinsResponse.swift; sourceTree = "<group>"; };
		F7632BF52858666B007DAEA2 /* Week4.app */ = {isa = PBXFileReference; explicitFileType = wrapper.application; includeInIndex = 0; path = Week4.app; sourceTree = BUILT_PRODUCTS_DIR; };
		F7632BF82858666B007DAEA2 /* AppDelegate.swift */ = {isa = PBXFileReference; lastKnownFileType = sourcecode.swift; path = AppDelegate.swift; sourceTree = "<group>"; };
		F7632BFA2858666B007DAEA2 /* SceneDelegate.swift */ = {isa = PBXFileReference; lastKnownFileType = sourcecode.swift; path = SceneDelegate.swift; sourceTree = "<group>"; };
		F7632BFF2858666B007DAEA2 /* Base */ = {isa = PBXFileReference; lastKnownFileType = file.storyboard; name = Base; path = Base.lproj/Main.storyboard; sourceTree = "<group>"; };
		F7632C012858666E007DAEA2 /* Assets.xcassets */ = {isa = PBXFileReference; lastKnownFileType = folder.assetcatalog; path = Assets.xcassets; sourceTree = "<group>"; };
		F7632C042858666E007DAEA2 /* Base */ = {isa = PBXFileReference; lastKnownFileType = file.storyboard; name = Base; path = Base.lproj/LaunchScreen.storyboard; sourceTree = "<group>"; };
		F7632C062858666E007DAEA2 /* Info.plist */ = {isa = PBXFileReference; lastKnownFileType = text.plist.xml; path = Info.plist; sourceTree = "<group>"; };
		F7632C0B2858666F007DAEA2 /* Week4Tests.xctest */ = {isa = PBXFileReference; explicitFileType = wrapper.cfbundle; includeInIndex = 0; path = Week4Tests.xctest; sourceTree = BUILT_PRODUCTS_DIR; };
		F7632C0F2858666F007DAEA2 /* Week4Tests.swift */ = {isa = PBXFileReference; lastKnownFileType = sourcecode.swift; path = Week4Tests.swift; sourceTree = "<group>"; };
		F7632C112858666F007DAEA2 /* Info.plist */ = {isa = PBXFileReference; lastKnownFileType = text.plist.xml; path = Info.plist; sourceTree = "<group>"; };
		F7632C162858666F007DAEA2 /* Week4UITests.xctest */ = {isa = PBXFileReference; explicitFileType = wrapper.cfbundle; includeInIndex = 0; path = Week4UITests.xctest; sourceTree = BUILT_PRODUCTS_DIR; };
		F7632C1A2858666F007DAEA2 /* Week4UITests.swift */ = {isa = PBXFileReference; lastKnownFileType = sourcecode.swift; path = Week4UITests.swift; sourceTree = "<group>"; };
		F7632C1C2858666F007DAEA2 /* Info.plist */ = {isa = PBXFileReference; lastKnownFileType = text.plist.xml; path = Info.plist; sourceTree = "<group>"; };
		F765F6892859CD9800175C60 /* TabBarController.swift */ = {isa = PBXFileReference; lastKnownFileType = sourcecode.swift; path = TabBarController.swift; sourceTree = "<group>"; };
/* End PBXFileReference section */

/* Begin PBXFrameworksBuildPhase section */
		F7632BF22858666B007DAEA2 /* Frameworks */ = {
			isa = PBXFrameworksBuildPhase;
			buildActionMask = 2147483647;
			files = (
				EB3E7602D91AD4613CE43412 /* Pods_Week4.framework in Frameworks */,
			);
			runOnlyForDeploymentPostprocessing = 0;
		};
		F7632C082858666F007DAEA2 /* Frameworks */ = {
			isa = PBXFrameworksBuildPhase;
			buildActionMask = 2147483647;
			files = (
				66CA1EA6CFE2E6F0388D6474 /* Pods_Week4Tests.framework in Frameworks */,
			);
			runOnlyForDeploymentPostprocessing = 0;
		};
		F7632C132858666F007DAEA2 /* Frameworks */ = {
			isa = PBXFrameworksBuildPhase;
			buildActionMask = 2147483647;
			files = (
				0A904CE38A67DF58249F7401 /* Pods_Week4_Week4UITests.framework in Frameworks */,
			);
			runOnlyForDeploymentPostprocessing = 0;
		};
/* End PBXFrameworksBuildPhase section */

/* Begin PBXGroup section */
		2863A5D2817361306D1F5648 /* Frameworks */ = {
			isa = PBXGroup;
			children = (
				8CFF2DDD02BC9F9BBB64A24C /* Pods_Week4.framework */,
				770457B65D09C52075474D7A /* Pods_Week4_Week4UITests.framework */,
				270916A982B2B713700C701F /* Pods_Week4Tests.framework */,
			);
			name = Frameworks;
			sourceTree = "<group>";
		};
		6A8AB1ED54E934B3A64E0C81 /* Pods */ = {
			isa = PBXGroup;
			children = (
				C5F4324AC00CE0F789928662 /* Pods-Week4.debug.xcconfig */,
				8307EA4B63B99D963348CB8C /* Pods-Week4.release.xcconfig */,
				0BADA89305900B2C6BF85209 /* Pods-Week4-Week4UITests.debug.xcconfig */,
				4E37B314140EF5AD0D806CA3 /* Pods-Week4-Week4UITests.release.xcconfig */,
				5B52460E5B76B1F3A5E09205 /* Pods-Week4Tests.debug.xcconfig */,
				7E47F651CAA50D30959A20E0 /* Pods-Week4Tests.release.xcconfig */,
			);
			path = Pods;
			sourceTree = "<group>";
		};
		F70B1D782858692200B32918 /* View */ = {
			isa = PBXGroup;
			children = (
				F70B1D8128586A5800B32918 /* Cell */,
				F7632C032858666E007DAEA2 /* LaunchScreen.storyboard */,
				F7632BFE2858666B007DAEA2 /* Main.storyboard */,
				F70B1D792858693D00B32918 /* HomeViewController.swift */,
				F70B1D7B2858695200B32918 /* MarketsViewController.swift */,
				F70B1D7D2858696900B32918 /* BuyAndSellViewController.swift */,
				F70B1D7F2858697F00B32918 /* WalletViewController.swift */,
				F765F6892859CD9800175C60 /* TabBarController.swift */,
			);
			path = View;
			sourceTree = "<group>";
		};
		F70B1D8128586A5800B32918 /* Cell */ = {
			isa = PBXGroup;
			children = (
				F70B1D8428586AB700B32918 /* MarketsTableViewCell.swift */,
				F70B1D8528586AB700B32918 /* MarketsTableViewCell.xib */,
			);
			path = Cell;
			sourceTree = "<group>";
		};
		F70B1D8B28588E1800B32918 /* Presenter */ = {
			isa = PBXGroup;
			children = (
				F70B1D9D2858AE2600B32918 /* Presenter.swift */,
			);
			path = Presenter;
			sourceTree = "<group>";
		};
		F70B1D8C28588E2900B32918 /* Router */ = {
			isa = PBXGroup;
			children = (
				F70B1DA32858B23300B32918 /* Router.swift */,
			);
			path = Router;
			sourceTree = "<group>";
		};
		F70B1D8D28588E3E00B32918 /* Interactor */ = {
			isa = PBXGroup;
			children = (
				F70B1D9B2858ACF900B32918 /* Interactor.swift */,
			);
			path = Interactor;
			sourceTree = "<group>";
		};
		F70B1D8E28588E5200B32918 /* Entity */ = {
			isa = PBXGroup;
			children = (
				F70B1DA12858AF2600B32918 /* CoinsModel.swift */,
				F70B1DA52858BC5E00B32918 /* CoinsResponse.swift */,
			);
			path = Entity;
			sourceTree = "<group>";
		};
		F70B1D8F28588E6D00B32918 /* Protocols */ = {
			isa = PBXGroup;
			children = (
				F70B1D9F2858AEE500B32918 /* Protocols.swift */,
			);
			path = Protocols;
			sourceTree = "<group>";
		};
		F7632BEC2858666B007DAEA2 = {
			isa = PBXGroup;
			children = (
				F7632BF72858666B007DAEA2 /* Week4 */,
				F7632C0E2858666F007DAEA2 /* Week4Tests */,
				F7632C192858666F007DAEA2 /* Week4UITests */,
				F7632BF62858666B007DAEA2 /* Products */,
				6A8AB1ED54E934B3A64E0C81 /* Pods */,
				2863A5D2817361306D1F5648 /* Frameworks */,
			);
			sourceTree = "<group>";
		};
		F7632BF62858666B007DAEA2 /* Products */ = {
			isa = PBXGroup;
			children = (
				F7632BF52858666B007DAEA2 /* Week4.app */,
				F7632C0B2858666F007DAEA2 /* Week4Tests.xctest */,
				F7632C162858666F007DAEA2 /* Week4UITests.xctest */,
			);
			name = Products;
			sourceTree = "<group>";
		};
		F7632BF72858666B007DAEA2 /* Week4 */ = {
			isa = PBXGroup;
			children = (
				F70B1D8F28588E6D00B32918 /* Protocols */,
				F70B1D8E28588E5200B32918 /* Entity */,
				F70B1D8D28588E3E00B32918 /* Interactor */,
				F70B1D8C28588E2900B32918 /* Router */,
				F70B1D8B28588E1800B32918 /* Presenter */,
				F70B1D782858692200B32918 /* View */,
				F7632BF82858666B007DAEA2 /* AppDelegate.swift */,
				F7632BFA2858666B007DAEA2 /* SceneDelegate.swift */,
				F7632C012858666E007DAEA2 /* Assets.xcassets */,
				F7632C062858666E007DAEA2 /* Info.plist */,
				F70B1D992858AC0800B32918 /* Constants.swift */,
			);
			path = Week4;
			sourceTree = "<group>";
		};
		F7632C0E2858666F007DAEA2 /* Week4Tests */ = {
			isa = PBXGroup;
			children = (
				F7632C0F2858666F007DAEA2 /* Week4Tests.swift */,
				F7632C112858666F007DAEA2 /* Info.plist */,
			);
			path = Week4Tests;
			sourceTree = "<group>";
		};
		F7632C192858666F007DAEA2 /* Week4UITests */ = {
			isa = PBXGroup;
			children = (
				F7632C1A2858666F007DAEA2 /* Week4UITests.swift */,
				F7632C1C2858666F007DAEA2 /* Info.plist */,
			);
			path = Week4UITests;
			sourceTree = "<group>";
		};
/* End PBXGroup section */

/* Begin PBXNativeTarget section */
		F7632BF42858666B007DAEA2 /* Week4 */ = {
			isa = PBXNativeTarget;
			buildConfigurationList = F7632C1F2858666F007DAEA2 /* Build configuration list for PBXNativeTarget "Week4" */;
			buildPhases = (
				52F84BAFE84ED48472333C8C /* [CP] Check Pods Manifest.lock */,
				F7632BF12858666B007DAEA2 /* Sources */,
				F7632BF22858666B007DAEA2 /* Frameworks */,
				F7632BF32858666B007DAEA2 /* Resources */,
				1BB51A412DBCE3161BEACF21 /* [CP] Embed Pods Frameworks */,
			);
			buildRules = (
			);
			dependencies = (
			);
			name = Week4;
			productName = Week4;
			productReference = F7632BF52858666B007DAEA2 /* Week4.app */;
			productType = "com.apple.product-type.application";
		};
		F7632C0A2858666F007DAEA2 /* Week4Tests */ = {
			isa = PBXNativeTarget;
			buildConfigurationList = F7632C222858666F007DAEA2 /* Build configuration list for PBXNativeTarget "Week4Tests" */;
			buildPhases = (
				95C4D8E711B0E86520C21725 /* [CP] Check Pods Manifest.lock */,
				F7632C072858666F007DAEA2 /* Sources */,
				F7632C082858666F007DAEA2 /* Frameworks */,
				F7632C092858666F007DAEA2 /* Resources */,
			);
			buildRules = (
			);
			dependencies = (
				F7632C0D2858666F007DAEA2 /* PBXTargetDependency */,
			);
			name = Week4Tests;
			productName = Week4Tests;
			productReference = F7632C0B2858666F007DAEA2 /* Week4Tests.xctest */;
			productType = "com.apple.product-type.bundle.unit-test";
		};
		F7632C152858666F007DAEA2 /* Week4UITests */ = {
			isa = PBXNativeTarget;
			buildConfigurationList = F7632C252858666F007DAEA2 /* Build configuration list for PBXNativeTarget "Week4UITests" */;
			buildPhases = (
				9C7A0C471822A3DC95DFCE40 /* [CP] Check Pods Manifest.lock */,
				F7632C122858666F007DAEA2 /* Sources */,
				F7632C132858666F007DAEA2 /* Frameworks */,
				F7632C142858666F007DAEA2 /* Resources */,
				31522737608C155BCD952398 /* [CP] Embed Pods Frameworks */,
			);
			buildRules = (
			);
			dependencies = (
				F7632C182858666F007DAEA2 /* PBXTargetDependency */,
			);
			name = Week4UITests;
			productName = Week4UITests;
			productReference = F7632C162858666F007DAEA2 /* Week4UITests.xctest */;
			productType = "com.apple.product-type.bundle.ui-testing";
		};
/* End PBXNativeTarget section */

/* Begin PBXProject section */
		F7632BED2858666B007DAEA2 /* Project object */ = {
			isa = PBXProject;
			attributes = {
				LastSwiftUpdateCheck = 1250;
				LastUpgradeCheck = 1250;
				TargetAttributes = {
					F7632BF42858666B007DAEA2 = {
						CreatedOnToolsVersion = 12.5.1;
					};
					F7632C0A2858666F007DAEA2 = {
						CreatedOnToolsVersion = 12.5.1;
						TestTargetID = F7632BF42858666B007DAEA2;
					};
					F7632C152858666F007DAEA2 = {
						CreatedOnToolsVersion = 12.5.1;
						TestTargetID = F7632BF42858666B007DAEA2;
					};
				};
			};
			buildConfigurationList = F7632BF02858666B007DAEA2 /* Build configuration list for PBXProject "Week4" */;
			compatibilityVersion = "Xcode 9.3";
			developmentRegion = en;
			hasScannedForEncodings = 0;
			knownRegions = (
				en,
				Base,
			);
			mainGroup = F7632BEC2858666B007DAEA2;
			productRefGroup = F7632BF62858666B007DAEA2 /* Products */;
			projectDirPath = "";
			projectRoot = "";
			targets = (
				F7632BF42858666B007DAEA2 /* Week4 */,
				F7632C0A2858666F007DAEA2 /* Week4Tests */,
				F7632C152858666F007DAEA2 /* Week4UITests */,
			);
		};
/* End PBXProject section */

/* Begin PBXResourcesBuildPhase section */
		F7632BF32858666B007DAEA2 /* Resources */ = {
			isa = PBXResourcesBuildPhase;
			buildActionMask = 2147483647;
			files = (
				F7632C052858666E007DAEA2 /* LaunchScreen.storyboard in Resources */,
				F7632C022858666E007DAEA2 /* Assets.xcassets in Resources */,
				F7632C002858666B007DAEA2 /* Main.storyboard in Resources */,
				F70B1D8728586AB700B32918 /* MarketsTableViewCell.xib in Resources */,
			);
			runOnlyForDeploymentPostprocessing = 0;
		};
		F7632C092858666F007DAEA2 /* Resources */ = {
			isa = PBXResourcesBuildPhase;
			buildActionMask = 2147483647;
			files = (
			);
			runOnlyForDeploymentPostprocessing = 0;
		};
		F7632C142858666F007DAEA2 /* Resources */ = {
			isa = PBXResourcesBuildPhase;
			buildActionMask = 2147483647;
			files = (
			);
			runOnlyForDeploymentPostprocessing = 0;
		};
/* End PBXResourcesBuildPhase section */

/* Begin PBXShellScriptBuildPhase section */
		1BB51A412DBCE3161BEACF21 /* [CP] Embed Pods Frameworks */ = {
			isa = PBXShellScriptBuildPhase;
			buildActionMask = 2147483647;
			files = (
			);
			inputFileListPaths = (
				"${PODS_ROOT}/Target Support Files/Pods-Week4/Pods-Week4-frameworks-${CONFIGURATION}-input-files.xcfilelist",
			);
			name = "[CP] Embed Pods Frameworks";
			outputFileListPaths = (
				"${PODS_ROOT}/Target Support Files/Pods-Week4/Pods-Week4-frameworks-${CONFIGURATION}-output-files.xcfilelist",
			);
			runOnlyForDeploymentPostprocessing = 0;
			shellPath = /bin/sh;
			shellScript = "\"${PODS_ROOT}/Target Support Files/Pods-Week4/Pods-Week4-frameworks.sh\"\n";
			showEnvVarsInLog = 0;
		};
		31522737608C155BCD952398 /* [CP] Embed Pods Frameworks */ = {
			isa = PBXShellScriptBuildPhase;
			buildActionMask = 2147483647;
			files = (
			);
			inputFileListPaths = (
				"${PODS_ROOT}/Target Support Files/Pods-Week4-Week4UITests/Pods-Week4-Week4UITests-frameworks-${CONFIGURATION}-input-files.xcfilelist",
			);
			name = "[CP] Embed Pods Frameworks";
			outputFileListPaths = (
				"${PODS_ROOT}/Target Support Files/Pods-Week4-Week4UITests/Pods-Week4-Week4UITests-frameworks-${CONFIGURATION}-output-files.xcfilelist",
			);
			runOnlyForDeploymentPostprocessing = 0;
			shellPath = /bin/sh;
			shellScript = "\"${PODS_ROOT}/Target Support Files/Pods-Week4-Week4UITests/Pods-Week4-Week4UITests-frameworks.sh\"\n";
			showEnvVarsInLog = 0;
		};
		52F84BAFE84ED48472333C8C /* [CP] Check Pods Manifest.lock */ = {
			isa = PBXShellScriptBuildPhase;
			buildActionMask = 2147483647;
			files = (
			);
			inputFileListPaths = (
			);
			inputPaths = (
				"${PODS_PODFILE_DIR_PATH}/Podfile.lock",
				"${PODS_ROOT}/Manifest.lock",
			);
			name = "[CP] Check Pods Manifest.lock";
			outputFileListPaths = (
			);
			outputPaths = (
				"$(DERIVED_FILE_DIR)/Pods-Week4-checkManifestLockResult.txt",
			);
			runOnlyForDeploymentPostprocessing = 0;
			shellPath = /bin/sh;
			shellScript = "diff \"${PODS_PODFILE_DIR_PATH}/Podfile.lock\" \"${PODS_ROOT}/Manifest.lock\" > /dev/null\nif [ $? != 0 ] ; then\n    # print error to STDERR\n    echo \"error: The sandbox is not in sync with the Podfile.lock. Run 'pod install' or update your CocoaPods installation.\" >&2\n    exit 1\nfi\n# This output is used by Xcode 'outputs' to avoid re-running this script phase.\necho \"SUCCESS\" > \"${SCRIPT_OUTPUT_FILE_0}\"\n";
			showEnvVarsInLog = 0;
		};
		95C4D8E711B0E86520C21725 /* [CP] Check Pods Manifest.lock */ = {
			isa = PBXShellScriptBuildPhase;
			buildActionMask = 2147483647;
			files = (
			);
			inputFileListPaths = (
			);
			inputPaths = (
				"${PODS_PODFILE_DIR_PATH}/Podfile.lock",
				"${PODS_ROOT}/Manifest.lock",
			);
			name = "[CP] Check Pods Manifest.lock";
			outputFileListPaths = (
			);
			outputPaths = (
				"$(DERIVED_FILE_DIR)/Pods-Week4Tests-checkManifestLockResult.txt",
			);
			runOnlyForDeploymentPostprocessing = 0;
			shellPath = /bin/sh;
			shellScript = "diff \"${PODS_PODFILE_DIR_PATH}/Podfile.lock\" \"${PODS_ROOT}/Manifest.lock\" > /dev/null\nif [ $? != 0 ] ; then\n    # print error to STDERR\n    echo \"error: The sandbox is not in sync with the Podfile.lock. Run 'pod install' or update your CocoaPods installation.\" >&2\n    exit 1\nfi\n# This output is used by Xcode 'outputs' to avoid re-running this script phase.\necho \"SUCCESS\" > \"${SCRIPT_OUTPUT_FILE_0}\"\n";
			showEnvVarsInLog = 0;
		};
		9C7A0C471822A3DC95DFCE40 /* [CP] Check Pods Manifest.lock */ = {
			isa = PBXShellScriptBuildPhase;
			buildActionMask = 2147483647;
			files = (
			);
			inputFileListPaths = (
			);
			inputPaths = (
				"${PODS_PODFILE_DIR_PATH}/Podfile.lock",
				"${PODS_ROOT}/Manifest.lock",
			);
			name = "[CP] Check Pods Manifest.lock";
			outputFileListPaths = (
			);
			outputPaths = (
				"$(DERIVED_FILE_DIR)/Pods-Week4-Week4UITests-checkManifestLockResult.txt",
			);
			runOnlyForDeploymentPostprocessing = 0;
			shellPath = /bin/sh;
			shellScript = "diff \"${PODS_PODFILE_DIR_PATH}/Podfile.lock\" \"${PODS_ROOT}/Manifest.lock\" > /dev/null\nif [ $? != 0 ] ; then\n    # print error to STDERR\n    echo \"error: The sandbox is not in sync with the Podfile.lock. Run 'pod install' or update your CocoaPods installation.\" >&2\n    exit 1\nfi\n# This output is used by Xcode 'outputs' to avoid re-running this script phase.\necho \"SUCCESS\" > \"${SCRIPT_OUTPUT_FILE_0}\"\n";
			showEnvVarsInLog = 0;
		};
/* End PBXShellScriptBuildPhase section */

/* Begin PBXSourcesBuildPhase section */
		F7632BF12858666B007DAEA2 /* Sources */ = {
			isa = PBXSourcesBuildPhase;
			buildActionMask = 2147483647;
			files = (
				F70B1D7C2858695200B32918 /* MarketsViewController.swift in Sources */,
				F7632BF92858666B007DAEA2 /* AppDelegate.swift in Sources */,
				F70B1D7E2858696900B32918 /* BuyAndSellViewController.swift in Sources */,
				F765F68A2859CD9800175C60 /* TabBarController.swift in Sources */,
				F70B1DA02858AEE500B32918 /* Protocols.swift in Sources */,
				F70B1DA22858AF2600B32918 /* CoinsModel.swift in Sources */,
				F70B1D9C2858ACF900B32918 /* Interactor.swift in Sources */,
				F70B1D9E2858AE2600B32918 /* Presenter.swift in Sources */,
				F7632BFB2858666B007DAEA2 /* SceneDelegate.swift in Sources */,
				F70B1D7A2858693D00B32918 /* HomeViewController.swift in Sources */,
				F70B1DA62858BC5E00B32918 /* CoinsResponse.swift in Sources */,
				F70B1D802858697F00B32918 /* WalletViewController.swift in Sources */,
				F70B1D8628586AB700B32918 /* MarketsTableViewCell.swift in Sources */,
				F70B1D9A2858AC0800B32918 /* Constants.swift in Sources */,
				F70B1DA42858B23300B32918 /* Router.swift in Sources */,
			);
			runOnlyForDeploymentPostprocessing = 0;
		};
		F7632C072858666F007DAEA2 /* Sources */ = {
			isa = PBXSourcesBuildPhase;
			buildActionMask = 2147483647;
			files = (
				F7632C102858666F007DAEA2 /* Week4Tests.swift in Sources */,
			);
			runOnlyForDeploymentPostprocessing = 0;
		};
		F7632C122858666F007DAEA2 /* Sources */ = {
			isa = PBXSourcesBuildPhase;
			buildActionMask = 2147483647;
			files = (
				F7632C1B2858666F007DAEA2 /* Week4UITests.swift in Sources */,
			);
			runOnlyForDeploymentPostprocessing = 0;
		};
/* End PBXSourcesBuildPhase section */

/* Begin PBXTargetDependency section */
		F7632C0D2858666F007DAEA2 /* PBXTargetDependency */ = {
			isa = PBXTargetDependency;
			target = F7632BF42858666B007DAEA2 /* Week4 */;
			targetProxy = F7632C0C2858666F007DAEA2 /* PBXContainerItemProxy */;
		};
		F7632C182858666F007DAEA2 /* PBXTargetDependency */ = {
			isa = PBXTargetDependency;
			target = F7632BF42858666B007DAEA2 /* Week4 */;
			targetProxy = F7632C172858666F007DAEA2 /* PBXContainerItemProxy */;
		};
/* End PBXTargetDependency section */

/* Begin PBXVariantGroup section */
		F7632BFE2858666B007DAEA2 /* Main.storyboard */ = {
			isa = PBXVariantGroup;
			children = (
				F7632BFF2858666B007DAEA2 /* Base */,
			);
			name = Main.storyboard;
			sourceTree = "<group>";
		};
		F7632C032858666E007DAEA2 /* LaunchScreen.storyboard */ = {
			isa = PBXVariantGroup;
			children = (
				F7632C042858666E007DAEA2 /* Base */,
			);
			name = LaunchScreen.storyboard;
			sourceTree = "<group>";
		};
/* End PBXVariantGroup section */

/* Begin XCBuildConfiguration section */
		F7632C1D2858666F007DAEA2 /* Debug */ = {
			isa = XCBuildConfiguration;
			buildSettings = {
				ALWAYS_SEARCH_USER_PATHS = NO;
				CLANG_ANALYZER_NONNULL = YES;
				CLANG_ANALYZER_NUMBER_OBJECT_CONVERSION = YES_AGGRESSIVE;
				CLANG_CXX_LANGUAGE_STANDARD = "gnu++14";
				CLANG_CXX_LIBRARY = "libc++";
				CLANG_ENABLE_MODULES = YES;
				CLANG_ENABLE_OBJC_ARC = YES;
				CLANG_ENABLE_OBJC_WEAK = YES;
				CLANG_WARN_BLOCK_CAPTURE_AUTORELEASING = YES;
				CLANG_WARN_BOOL_CONVERSION = YES;
				CLANG_WARN_COMMA = YES;
				CLANG_WARN_CONSTANT_CONVERSION = YES;
				CLANG_WARN_DEPRECATED_OBJC_IMPLEMENTATIONS = YES;
				CLANG_WARN_DIRECT_OBJC_ISA_USAGE = YES_ERROR;
				CLANG_WARN_DOCUMENTATION_COMMENTS = YES;
				CLANG_WARN_EMPTY_BODY = YES;
				CLANG_WARN_ENUM_CONVERSION = YES;
				CLANG_WARN_INFINITE_RECURSION = YES;
				CLANG_WARN_INT_CONVERSION = YES;
				CLANG_WARN_NON_LITERAL_NULL_CONVERSION = YES;
				CLANG_WARN_OBJC_IMPLICIT_RETAIN_SELF = YES;
				CLANG_WARN_OBJC_LITERAL_CONVERSION = YES;
				CLANG_WARN_OBJC_ROOT_CLASS = YES_ERROR;
				CLANG_WARN_QUOTED_INCLUDE_IN_FRAMEWORK_HEADER = YES;
				CLANG_WARN_RANGE_LOOP_ANALYSIS = YES;
				CLANG_WARN_STRICT_PROTOTYPES = YES;
				CLANG_WARN_SUSPICIOUS_MOVE = YES;
				CLANG_WARN_UNGUARDED_AVAILABILITY = YES_AGGRESSIVE;
				CLANG_WARN_UNREACHABLE_CODE = YES;
				CLANG_WARN__DUPLICATE_METHOD_MATCH = YES;
				COPY_PHASE_STRIP = NO;
				DEBUG_INFORMATION_FORMAT = dwarf;
				ENABLE_STRICT_OBJC_MSGSEND = YES;
				ENABLE_TESTABILITY = YES;
				GCC_C_LANGUAGE_STANDARD = gnu11;
				GCC_DYNAMIC_NO_PIC = NO;
				GCC_NO_COMMON_BLOCKS = YES;
				GCC_OPTIMIZATION_LEVEL = 0;
				GCC_PREPROCESSOR_DEFINITIONS = (
					"DEBUG=1",
					"$(inherited)",
				);
				GCC_WARN_64_TO_32_BIT_CONVERSION = YES;
				GCC_WARN_ABOUT_RETURN_TYPE = YES_ERROR;
				GCC_WARN_UNDECLARED_SELECTOR = YES;
				GCC_WARN_UNINITIALIZED_AUTOS = YES_AGGRESSIVE;
				GCC_WARN_UNUSED_FUNCTION = YES;
				GCC_WARN_UNUSED_VARIABLE = YES;
				IPHONEOS_DEPLOYMENT_TARGET = 14.5;
				MTL_ENABLE_DEBUG_INFO = INCLUDE_SOURCE;
				MTL_FAST_MATH = YES;
				ONLY_ACTIVE_ARCH = YES;
				SDKROOT = iphoneos;
				SWIFT_ACTIVE_COMPILATION_CONDITIONS = DEBUG;
				SWIFT_OPTIMIZATION_LEVEL = "-Onone";
			};
			name = Debug;
		};
		F7632C1E2858666F007DAEA2 /* Release */ = {
			isa = XCBuildConfiguration;
			buildSettings = {
				ALWAYS_SEARCH_USER_PATHS = NO;
				CLANG_ANALYZER_NONNULL = YES;
				CLANG_ANALYZER_NUMBER_OBJECT_CONVERSION = YES_AGGRESSIVE;
				CLANG_CXX_LANGUAGE_STANDARD = "gnu++14";
				CLANG_CXX_LIBRARY = "libc++";
				CLANG_ENABLE_MODULES = YES;
				CLANG_ENABLE_OBJC_ARC = YES;
				CLANG_ENABLE_OBJC_WEAK = YES;
				CLANG_WARN_BLOCK_CAPTURE_AUTORELEASING = YES;
				CLANG_WARN_BOOL_CONVERSION = YES;
				CLANG_WARN_COMMA = YES;
				CLANG_WARN_CONSTANT_CONVERSION = YES;
				CLANG_WARN_DEPRECATED_OBJC_IMPLEMENTATIONS = YES;
				CLANG_WARN_DIRECT_OBJC_ISA_USAGE = YES_ERROR;
				CLANG_WARN_DOCUMENTATION_COMMENTS = YES;
				CLANG_WARN_EMPTY_BODY = YES;
				CLANG_WARN_ENUM_CONVERSION = YES;
				CLANG_WARN_INFINITE_RECURSION = YES;
				CLANG_WARN_INT_CONVERSION = YES;
				CLANG_WARN_NON_LITERAL_NULL_CONVERSION = YES;
				CLANG_WARN_OBJC_IMPLICIT_RETAIN_SELF = YES;
				CLANG_WARN_OBJC_LITERAL_CONVERSION = YES;
				CLANG_WARN_OBJC_ROOT_CLASS = YES_ERROR;
				CLANG_WARN_QUOTED_INCLUDE_IN_FRAMEWORK_HEADER = YES;
				CLANG_WARN_RANGE_LOOP_ANALYSIS = YES;
				CLANG_WARN_STRICT_PROTOTYPES = YES;
				CLANG_WARN_SUSPICIOUS_MOVE = YES;
				CLANG_WARN_UNGUARDED_AVAILABILITY = YES_AGGRESSIVE;
				CLANG_WARN_UNREACHABLE_CODE = YES;
				CLANG_WARN__DUPLICATE_METHOD_MATCH = YES;
				COPY_PHASE_STRIP = NO;
				DEBUG_INFORMATION_FORMAT = "dwarf-with-dsym";
				ENABLE_NS_ASSERTIONS = NO;
				ENABLE_STRICT_OBJC_MSGSEND = YES;
				GCC_C_LANGUAGE_STANDARD = gnu11;
				GCC_NO_COMMON_BLOCKS = YES;
				GCC_WARN_64_TO_32_BIT_CONVERSION = YES;
				GCC_WARN_ABOUT_RETURN_TYPE = YES_ERROR;
				GCC_WARN_UNDECLARED_SELECTOR = YES;
				GCC_WARN_UNINITIALIZED_AUTOS = YES_AGGRESSIVE;
				GCC_WARN_UNUSED_FUNCTION = YES;
				GCC_WARN_UNUSED_VARIABLE = YES;
				IPHONEOS_DEPLOYMENT_TARGET = 14.5;
				MTL_ENABLE_DEBUG_INFO = NO;
				MTL_FAST_MATH = YES;
				SDKROOT = iphoneos;
				SWIFT_COMPILATION_MODE = wholemodule;
				SWIFT_OPTIMIZATION_LEVEL = "-O";
				VALIDATE_PRODUCT = YES;
			};
			name = Release;
		};
		F7632C202858666F007DAEA2 /* Debug */ = {
			isa = XCBuildConfiguration;
			baseConfigurationReference = C5F4324AC00CE0F789928662 /* Pods-Week4.debug.xcconfig */;
			buildSettings = {
				ASSETCATALOG_COMPILER_APPICON_NAME = AppIcon;
				ASSETCATALOG_COMPILER_GLOBAL_ACCENT_COLOR_NAME = AccentColor;
				CODE_SIGN_STYLE = Automatic;
				DEVELOPMENT_TEAM = QL2JKUUKYW;
				INFOPLIST_FILE = Week4/Info.plist;
				LD_RUNPATH_SEARCH_PATHS = (
					"$(inherited)",
					"@executable_path/Frameworks",
				);
				PRODUCT_BUNDLE_IDENTIFIER = com.CryptoCoin.Week4;
				PRODUCT_NAME = "$(TARGET_NAME)";
				SWIFT_VERSION = 5.0;
				TARGETED_DEVICE_FAMILY = "1,2";
			};
			name = Debug;
		};
		F7632C212858666F007DAEA2 /* Release */ = {
			isa = XCBuildConfiguration;
			baseConfigurationReference = 8307EA4B63B99D963348CB8C /* Pods-Week4.release.xcconfig */;
			buildSettings = {
				ASSETCATALOG_COMPILER_APPICON_NAME = AppIcon;
				ASSETCATALOG_COMPILER_GLOBAL_ACCENT_COLOR_NAME = AccentColor;
				CODE_SIGN_STYLE = Automatic;
				DEVELOPMENT_TEAM = QL2JKUUKYW;
				INFOPLIST_FILE = Week4/Info.plist;
				LD_RUNPATH_SEARCH_PATHS = (
					"$(inherited)",
					"@executable_path/Frameworks",
				);
				PRODUCT_BUNDLE_IDENTIFIER = com.CryptoCoin.Week4;
				PRODUCT_NAME = "$(TARGET_NAME)";
				SWIFT_VERSION = 5.0;
				TARGETED_DEVICE_FAMILY = "1,2";
			};
			name = Release;
		};
		F7632C232858666F007DAEA2 /* Debug */ = {
			isa = XCBuildConfiguration;
			baseConfigurationReference = 5B52460E5B76B1F3A5E09205 /* Pods-Week4Tests.debug.xcconfig */;
			buildSettings = {
				ALWAYS_EMBED_SWIFT_STANDARD_LIBRARIES = YES;
				BUNDLE_LOADER = "$(TEST_HOST)";
				CODE_SIGN_STYLE = Automatic;
				DEVELOPMENT_TEAM = QL2JKUUKYW;
				INFOPLIST_FILE = Week4Tests/Info.plist;
				IPHONEOS_DEPLOYMENT_TARGET = 14.5;
				LD_RUNPATH_SEARCH_PATHS = (
					"$(inherited)",
					"@executable_path/Frameworks",
					"@loader_path/Frameworks",
				);
				PRODUCT_BUNDLE_IDENTIFIER = com.CryptoCoin.Week4Tests;
				PRODUCT_NAME = "$(TARGET_NAME)";
				SWIFT_VERSION = 5.0;
				TARGETED_DEVICE_FAMILY = "1,2";
				TEST_HOST = "$(BUILT_PRODUCTS_DIR)/Week4.app/Week4";
			};
			name = Debug;
		};
		F7632C242858666F007DAEA2 /* Release */ = {
			isa = XCBuildConfiguration;
			baseConfigurationReference = 7E47F651CAA50D30959A20E0 /* Pods-Week4Tests.release.xcconfig */;
			buildSettings = {
				ALWAYS_EMBED_SWIFT_STANDARD_LIBRARIES = YES;
				BUNDLE_LOADER = "$(TEST_HOST)";
				CODE_SIGN_STYLE = Automatic;
				DEVELOPMENT_TEAM = QL2JKUUKYW;
				INFOPLIST_FILE = Week4Tests/Info.plist;
				IPHONEOS_DEPLOYMENT_TARGET = 14.5;
				LD_RUNPATH_SEARCH_PATHS = (
					"$(inherited)",
					"@executable_path/Frameworks",
					"@loader_path/Frameworks",
				);
				PRODUCT_BUNDLE_IDENTIFIER = com.CryptoCoin.Week4Tests;
				PRODUCT_NAME = "$(TARGET_NAME)";
				SWIFT_VERSION = 5.0;
				TARGETED_DEVICE_FAMILY = "1,2";
				TEST_HOST = "$(BUILT_PRODUCTS_DIR)/Week4.app/Week4";
			};
			name = Release;
		};
		F7632C262858666F007DAEA2 /* Debug */ = {
			isa = XCBuildConfiguration;
			baseConfigurationReference = 0BADA89305900B2C6BF85209 /* Pods-Week4-Week4UITests.debug.xcconfig */;
			buildSettings = {
				ALWAYS_EMBED_SWIFT_STANDARD_LIBRARIES = YES;
				CODE_SIGN_STYLE = Automatic;
				DEVELOPMENT_TEAM = QL2JKUUKYW;
				INFOPLIST_FILE = Week4UITests/Info.plist;
				LD_RUNPATH_SEARCH_PATHS = (
					"$(inherited)",
					"@executable_path/Frameworks",
					"@loader_path/Frameworks",
				);
				PRODUCT_BUNDLE_IDENTIFIER = com.CryptoCoin.Week4UITests;
				PRODUCT_NAME = "$(TARGET_NAME)";
				SWIFT_VERSION = 5.0;
				TARGETED_DEVICE_FAMILY = "1,2";
				TEST_TARGET_NAME = Week4;
			};
			name = Debug;
		};
		F7632C272858666F007DAEA2 /* Release */ = {
			isa = XCBuildConfiguration;
			baseConfigurationReference = 4E37B314140EF5AD0D806CA3 /* Pods-Week4-Week4UITests.release.xcconfig */;
			buildSettings = {
				ALWAYS_EMBED_SWIFT_STANDARD_LIBRARIES = YES;
				CODE_SIGN_STYLE = Automatic;
				DEVELOPMENT_TEAM = QL2JKUUKYW;
				INFOPLIST_FILE = Week4UITests/Info.plist;
				LD_RUNPATH_SEARCH_PATHS = (
					"$(inherited)",
					"@executable_path/Frameworks",
					"@loader_path/Frameworks",
				);
				PRODUCT_BUNDLE_IDENTIFIER = com.CryptoCoin.Week4UITests;
				PRODUCT_NAME = "$(TARGET_NAME)";
				SWIFT_VERSION = 5.0;
				TARGETED_DEVICE_FAMILY = "1,2";
				TEST_TARGET_NAME = Week4;
			};
			name = Release;
		};
/* End XCBuildConfiguration section */

/* Begin XCConfigurationList section */
		F7632BF02858666B007DAEA2 /* Build configuration list for PBXProject "Week4" */ = {
			isa = XCConfigurationList;
			buildConfigurations = (
				F7632C1D2858666F007DAEA2 /* Debug */,
				F7632C1E2858666F007DAEA2 /* Release */,
			);
			defaultConfigurationIsVisible = 0;
			defaultConfigurationName = Release;
		};
		F7632C1F2858666F007DAEA2 /* Build configuration list for PBXNativeTarget "Week4" */ = {
			isa = XCConfigurationList;
			buildConfigurations = (
				F7632C202858666F007DAEA2 /* Debug */,
				F7632C212858666F007DAEA2 /* Release */,
			);
			defaultConfigurationIsVisible = 0;
			defaultConfigurationName = Release;
		};
		F7632C222858666F007DAEA2 /* Build configuration list for PBXNativeTarget "Week4Tests" */ = {
			isa = XCConfigurationList;
			buildConfigurations = (
				F7632C232858666F007DAEA2 /* Debug */,
				F7632C242858666F007DAEA2 /* Release */,
			);
			defaultConfigurationIsVisible = 0;
			defaultConfigurationName = Release;
		};
		F7632C252858666F007DAEA2 /* Build configuration list for PBXNativeTarget "Week4UITests" */ = {
			isa = XCConfigurationList;
			buildConfigurations = (
				F7632C262858666F007DAEA2 /* Debug */,
				F7632C272858666F007DAEA2 /* Release */,
			);
			defaultConfigurationIsVisible = 0;
			defaultConfigurationName = Release;
		};
/* End XCConfigurationList section */
	};
	rootObject = F7632BED2858666B007DAEA2 /* Project object */;
}
